
Microsoft Visual Studio Solution File, Format Version 12.00
# Visual Studio Version 17
VisualStudioVersion = 17.7.34221.43
MinimumVisualStudioVersion = 10.0.40219.1
Project("{FAE04EC0-301F-11D3-BF4B-00C04F79EFBC}") = "mvc11347", "mvc11347\mvc11347.csproj", "{726CBAE8-041B-4621-B6C6-6D3E711D5C23}"
EndProject
Global
	GlobalSection(SolutionConfigurationPlatforms) = preSolution
		Debug|Any CPU = Debug|Any CPU
		Release|Any CPU = Release|Any CPU
	EndGlobalSection
	GlobalSection(ProjectConfigurationPlatforms) = postSolution
		{726CBAE8-041B-4621-B6C6-6D3E711D5C23}.Debug|Any CPU.ActiveCfg = Debug|Any CPU
		{726CBAE8-041B-4621-B6C6-6D3E711D5C23}.Debug|Any CPU.Build.0 = Debug|Any CPU
		{726CBAE8-041B-4621-B6C6-6D3E711D5C23}.Release|Any CPU.ActiveCfg = Release|Any CPU
		{726CBAE8-041B-4621-B6C6-6D3E711D5C23}.Release|Any CPU.Build.0 = Release|Any CPU
	EndGlobalSection
	GlobalSection(SolutionProperties) = preSolution
		HideSolutionNode = FALSE
	EndGlobalSection
	GlobalSection(ExtensibilityGlobals) = postSolution
		SolutionGuid = {1C0633BB-5FB3-4F35-A08B-5B4829A4908A}
	EndGlobalSection
EndGlobal
